{
  "name": "gamekey",
  "version": "1.0.0",
  "lockfileVersion": 1,
  "requires": true,
  "dependencies": {
    "n-readlines": {
      "version": "1.0.0",
      "resolved": "https://registry.npmjs.org/n-readlines/-/n-readlines-1.0.0.tgz",
      "integrity": "sha512-ISDqGcspVu6U3VKqtJZG1uR55SmNNF9uK0EMq1IvNVVZOui6MW6VR0+pIZhqz85ORAGp+4zW+5fJ/SE7bwEibA=="
    }
  }
}
